
Microsoft Visual Studio Solution File, Format Version 12.00
# Visual Studio 14
VisualStudioVersion = 14.0.24720.0
MinimumVisualStudioVersion = 10.0.40219.1
Project("{FAE04EC0-301F-11D3-BF4B-00C04F79EFBC}") = "Repeat", "Repeat\Repeat.csproj", "{C6A8E88F-B050-4CD7-8A54-50661A03FA90}"
EndProject
Project("{FAE04EC0-301F-11D3-BF4B-00C04F79EFBC}") = "Repeat.DAL", "Repeat.Droid.DAL\Repeat.DAL.csproj", "{E7B2007F-F511-49A9-9C56-D9F963033F4B}"
EndProject
Global
	GlobalSection(SolutionConfigurationPlatforms) = preSolution
		Debug|Any CPU = Debug|Any CPU
		Release|Any CPU = Release|Any CPU
	EndGlobalSection
	GlobalSection(ProjectConfigurationPlatforms) = postSolution
		{C6A8E88F-B050-4CD7-8A54-50661A03FA90}.Debug|Any CPU.ActiveCfg = Debug|Any CPU
		{C6A8E88F-B050-4CD7-8A54-50661A03FA90}.Debug|Any CPU.Build.0 = Debug|Any CPU
		{C6A8E88F-B050-4CD7-8A54-50661A03FA90}.Debug|Any CPU.Deploy.0 = Debug|Any CPU
		{C6A8E88F-B050-4CD7-8A54-50661A03FA90}.Release|Any CPU.ActiveCfg = Release|Any CPU
		{C6A8E88F-B050-4CD7-8A54-50661A03FA90}.Release|Any CPU.Build.0 = Release|Any CPU
		{C6A8E88F-B050-4CD7-8A54-50661A03FA90}.Release|Any CPU.Deploy.0 = Release|Any CPU
		{E7B2007F-F511-49A9-9C56-D9F963033F4B}.Debug|Any CPU.ActiveCfg = Debug|Any CPU
		{E7B2007F-F511-49A9-9C56-D9F963033F4B}.Debug|Any CPU.Build.0 = Debug|Any CPU
		{E7B2007F-F511-49A9-9C56-D9F963033F4B}.Release|Any CPU.ActiveCfg = Release|Any CPU
		{E7B2007F-F511-49A9-9C56-D9F963033F4B}.Release|Any CPU.Build.0 = Release|Any CPU
	EndGlobalSection
	GlobalSection(SolutionProperties) = preSolution
		HideSolutionNode = FALSE
	EndGlobalSection
EndGlobal
